{
  "name": "Kkaiyuanwg.github.io",
  "lockfileVersion": 3,
  "requires": true,
  "packages": {
    "": {
      "dependencies": {
        "tiny-slider": "^2.9.4",
        "tns": "^0.2.0"
      }
    },
    "node_modules/perplex": {
      "version": "0.4.1",
      "resolved": "https://registry.npmjs.org/perplex/-/perplex-0.4.1.tgz",
      "integrity": "sha512-y4mFSQ3ct34S1HuFmeSyWh5Ua+ItyKXTa4eRMq0odyv0HGsjhHg+OhJyelXkOYTVU5pVAIHydoo/49JmtpmCcw=="
    },
    "node_modules/tiny-slider": {
      "version": "2.9.4",
      "resolved": "https://registry.npmjs.org/tiny-slider/-/tiny-slider-2.9.4.tgz",
      "integrity": "sha512-LAs2kldWcY+BqCKw4kxd4CMx2RhWrHyEePEsymlOIISTlOVkjfK40sSD7ay73eKXBLg/UkluAZpcfCstimHXew=="
    },
    "node_modules/tns": {
      "version": "0.2.0",
      "resolved": "https://registry.npmjs.org/tns/-/tns-0.2.0.tgz",
      "integrity": "sha512-XV3sujE2BR18LKwTEAbhA6ffD1hUM2fFOFc/g5pqxlxv+Y4ITD6vIEf4SlljQ+dQyv7NmR6AXH3f1HgWNLzFFg==",
      "dependencies": {
        "perplex": "^0.4.1"
      }
    }
  }
}
